
Microsoft Visual Studio Solution File, Format Version 12.00
# Visual Studio 2013
VisualStudioVersion = 12.0.40629.0
MinimumVisualStudioVersion = 10.0.40219.1
Project("{FAE04EC0-301F-11D3-BF4B-00C04F79EFBC}") = "CryptoAES", "CryptoAES.csproj", "{5F0F9D66-BCB2-4D3A-8477-DAFB9705C63C}"
EndProject
Project("{FAE04EC0-301F-11D3-BF4B-00C04F79EFBC}") = "Utilities", "Utilities\Utilities.csproj", "{C8E58A3A-A6D2-4C49-BEAD-CF7B6ADDDC19}"
EndProject
Project("{FAE04EC0-301F-11D3-BF4B-00C04F79EFBC}") = "AES256", "MSEG02.AES256\AES256.csproj", "{06D13018-6C45-46C5-AECC-DC8330B0829C}"
EndProject
Global
	GlobalSection(SolutionConfigurationPlatforms) = preSolution
		Debug|Any CPU = Debug|Any CPU
		Release|Any CPU = Release|Any CPU
	EndGlobalSection
	GlobalSection(ProjectConfigurationPlatforms) = postSolution
		{5F0F9D66-BCB2-4D3A-8477-DAFB9705C63C}.Debug|Any CPU.ActiveCfg = Debug|Any CPU
		{5F0F9D66-BCB2-4D3A-8477-DAFB9705C63C}.Debug|Any CPU.Build.0 = Debug|Any CPU
		{5F0F9D66-BCB2-4D3A-8477-DAFB9705C63C}.Release|Any CPU.ActiveCfg = Release|Any CPU
		{5F0F9D66-BCB2-4D3A-8477-DAFB9705C63C}.Release|Any CPU.Build.0 = Release|Any CPU
		{C8E58A3A-A6D2-4C49-BEAD-CF7B6ADDDC19}.Debug|Any CPU.ActiveCfg = Debug|Any CPU
		{C8E58A3A-A6D2-4C49-BEAD-CF7B6ADDDC19}.Debug|Any CPU.Build.0 = Debug|Any CPU
		{C8E58A3A-A6D2-4C49-BEAD-CF7B6ADDDC19}.Release|Any CPU.ActiveCfg = Release|Any CPU
		{C8E58A3A-A6D2-4C49-BEAD-CF7B6ADDDC19}.Release|Any CPU.Build.0 = Release|Any CPU
		{06D13018-6C45-46C5-AECC-DC8330B0829C}.Debug|Any CPU.ActiveCfg = Debug|Any CPU
		{06D13018-6C45-46C5-AECC-DC8330B0829C}.Debug|Any CPU.Build.0 = Debug|Any CPU
		{06D13018-6C45-46C5-AECC-DC8330B0829C}.Release|Any CPU.ActiveCfg = Release|Any CPU
		{06D13018-6C45-46C5-AECC-DC8330B0829C}.Release|Any CPU.Build.0 = Release|Any CPU
	EndGlobalSection
	GlobalSection(SolutionProperties) = preSolution
		HideSolutionNode = FALSE
	EndGlobalSection
EndGlobal
